[[package]]
name = "whisper"
version = "1.0"
description = ""
category = "main"
optional = false
python-versions = "*"
develop = false

[package.extras]
dev = ["pytest"]

[package.source]
type = "git"
url = "https://github.com/openai/whisper.git"
reference = "8cf36f3508c9acd341a45eb2364239a3d81458b9"
resolved_reference = "8cf36f3508c9acd341a45eb2364239a3d81458b9"

[metadata]
lock-version = "1.1"
python-versions = "^3.9"
content-hash = "223f94490795718d3e5b4477bf305fd1105c7cbec116435492e2997f717a1a9d"

[metadata.files]
whisper = []
